# This file is generated by running "yarn install" inside your project.
# Manual changes might be lost - proceed with caution!

__metadata:
  version: 6
  cacheKey: 8

"@json-editor/json-editor@npm:^2.8.0":
  version: 2.8.0
  resolution: "@json-editor/json-editor@npm:2.8.0"
  dependencies:
    core-js: ^3.12.1
  checksum: 3368ed4a3e8c777f24ac6a9adef6381803614b8485f89401d0819af17c5da66d7644736d0ad3eafdc795d6e5415e45cb9f5be01cbd68a5e5059f82f25e435240
  languageName: node
  linkType: hard

"@next/env@npm:12.2.3":
  version: 12.2.3
  resolution: "@next/env@npm:12.2.3"
  checksum: e96dcbea3fbb3d6b6a0799fe2e41c4929ded383659709f5bd00b6479b0711b89891b72fb28753b428933871d5fd91792fa54bc64a74a038c704b5862d40821ec
  languageName: node
  linkType: hard

"@next/swc-android-arm-eabi@npm:12.2.3":
  version: 12.2.3
  resolution: "@next/swc-android-arm-eabi@npm:12.2.3"
  conditions: os=android & cpu=arm
  languageName: node
  linkType: hard

"@next/swc-android-arm64@npm:12.2.3":
  version: 12.2.3
  resolution: "@next/swc-android-arm64@npm:12.2.3"
  conditions: os=android & cpu=arm64
  languageName: node
  linkType: hard

"@next/swc-darwin-arm64@npm:12.2.3":
  version: 12.2.3
  resolution: "@next/swc-darwin-arm64@npm:12.2.3"
  conditions: os=darwin & cpu=arm64
  languageName: node
  linkType: hard

"@next/swc-darwin-x64@npm:12.2.3":
  version: 12.2.3
  resolution: "@next/swc-darwin-x64@npm:12.2.3"
  conditions: os=darwin & cpu=x64
  languageName: node
  linkType: hard

"@next/swc-freebsd-x64@npm:12.2.3":
  version: 12.2.3
  resolution: "@next/swc-freebsd-x64@npm:12.2.3"
  conditions: os=freebsd & cpu=x64
  languageName: node
  linkType: hard

"@next/swc-linux-arm-gnueabihf@npm:12.2.3":
  version: 12.2.3
  resolution: "@next/swc-linux-arm-gnueabihf@npm:12.2.3"
  conditions: os=linux & cpu=arm
  languageName: node
  linkType: hard

"@next/swc-linux-arm64-gnu@npm:12.2.3":
  version: 12.2.3
  resolution: "@next/swc-linux-arm64-gnu@npm:12.2.3"
  conditions: os=linux & cpu=arm64 & libc=glibc
  languageName: node
  linkType: hard

"@next/swc-linux-arm64-musl@npm:12.2.3":
  version: 12.2.3
  resolution: "@next/swc-linux-arm64-musl@npm:12.2.3"
  conditions: os=linux & cpu=arm64 & libc=musl
  languageName: node
  linkType: hard

"@next/swc-linux-x64-gnu@npm:12.2.3":
  version: 12.2.3
  resolution: "@next/swc-linux-x64-gnu@npm:12.2.3"
  conditions: os=linux & cpu=x64 & libc=glibc
  languageName: node
  linkType: hard

"@next/swc-linux-x64-musl@npm:12.2.3":
  version: 12.2.3
  resolution: "@next/swc-linux-x64-musl@npm:12.2.3"
  conditions: os=linux & cpu=x64 & libc=musl
  languageName: node
  linkType: hard

"@next/swc-win32-arm64-msvc@npm:12.2.3":
  version: 12.2.3
  resolution: "@next/swc-win32-arm64-msvc@npm:12.2.3"
  conditions: os=win32 & cpu=arm64
  languageName: node
  linkType: hard

"@next/swc-win32-ia32-msvc@npm:12.2.3":
  version: 12.2.3
  resolution: "@next/swc-win32-ia32-msvc@npm:12.2.3"
  conditions: os=win32 & cpu=ia32
  languageName: node
  linkType: hard

"@next/swc-win32-x64-msvc@npm:12.2.3":
  version: 12.2.3
  resolution: "@next/swc-win32-x64-msvc@npm:12.2.3"
  conditions: os=win32 & cpu=x64
  languageName: node
  linkType: hard

"@swc/helpers@npm:0.4.3":
  version: 0.4.3
  resolution: "@swc/helpers@npm:0.4.3"
  dependencies:
    tslib: ^2.4.0
  checksum: 5c2f173e950dd3929d84ae48b3586a274d5a874e7cf2013b3d8081e4f8c723fa3a4d4e63b263e84bb7f06431f87b640e91a12655410463c81a3dc2bbc15eceda
  languageName: node
  linkType: hard

"ansi-styles@npm:^4.1.0":
  version: 4.3.0
  resolution: "ansi-styles@npm:4.3.0"
  dependencies:
    color-convert: ^2.0.1
  checksum: 513b44c3b2105dd14cc42a19271e80f386466c4be574bccf60b627432f9198571ebf4ab1e4c3ba17347658f4ee1711c163d574248c0c1cdc2d5917a0ad582ec4
  languageName: node
  linkType: hard

"asynckit@npm:^0.4.0":
  version: 0.4.0
  resolution: "asynckit@npm:0.4.0"
  checksum: 7b78c451df768adba04e2d02e63e2d0bf3b07adcd6e42b4cf665cb7ce899bedd344c69a1dcbce355b5f972d597b25aaa1c1742b52cffd9caccb22f348114f6be
  languageName: node
  linkType: hard

"axios@npm:^0.27.2":
  version: 0.27.2
  resolution: "axios@npm:0.27.2"
  dependencies:
    follow-redirects: ^1.14.9
    form-data: ^4.0.0
  checksum: 38cb7540465fe8c4102850c4368053c21683af85c5fdf0ea619f9628abbcb59415d1e22ebc8a6390d2bbc9b58a9806c874f139767389c862ec9b772235f06854
  languageName: node
  linkType: hard

"caniuse-lite@npm:^1.0.30001332":
  version: 1.0.30001373
  resolution: "caniuse-lite@npm:1.0.30001373"
  checksum: cd2f027e2fcf66ed3b0e3eccec89df871f951f2e7600944fae2c3f6f1c37ac82392e573c279e15bf851b75f9696472e38d33fd52d964819ffb8af7af4078ceba
  languageName: node
  linkType: hard

"chalk@npm:^3.0.0":
  version: 3.0.0
  resolution: "chalk@npm:3.0.0"
  dependencies:
    ansi-styles: ^4.1.0
    supports-color: ^7.1.0
  checksum: 8e3ddf3981c4da405ddbd7d9c8d91944ddf6e33d6837756979f7840a29272a69a5189ecae0ff84006750d6d1e92368d413335eab4db5476db6e6703a1d1e0505
  languageName: node
  linkType: hard

"chalk@npm:^4.1.0":
  version: 4.1.2
  resolution: "chalk@npm:4.1.2"
  dependencies:
    ansi-styles: ^4.1.0
    supports-color: ^7.1.0
  checksum: fe75c9d5c76a7a98d45495b91b2172fa3b7a09e0cc9370e5c8feb1c567b85c4288e2b3fded7cfdd7359ac28d6b3844feb8b82b8686842e93d23c827c417e83fc
  languageName: node
  linkType: hard

"color-convert@npm:^2.0.1":
  version: 2.0.1
  resolution: "color-convert@npm:2.0.1"
  dependencies:
    color-name: ~1.1.4
  checksum: 79e6bdb9fd479a205c71d89574fccfb22bd9053bd98c6c4d870d65c132e5e904e6034978e55b43d69fcaa7433af2016ee203ce76eeba9cfa554b373e7f7db336
  languageName: node
  linkType: hard

"color-name@npm:~1.1.4":
  version: 1.1.4
  resolution: "color-name@npm:1.1.4"
  checksum: b0445859521eb4021cd0fb0cc1a75cecf67fceecae89b63f62b201cca8d345baf8b952c966862a9d9a2632987d4f6581f0ec8d957dfacece86f0a7919316f610
  languageName: node
  linkType: hard

"combined-stream@npm:^1.0.8":
  version: 1.0.8
  resolution: "combined-stream@npm:1.0.8"
  dependencies:
    delayed-stream: ~1.0.0
  checksum: 49fa4aeb4916567e33ea81d088f6584749fc90c7abec76fd516bf1c5aa5c79f3584b5ba3de6b86d26ddd64bae5329c4c7479343250cfe71c75bb366eae53bb7c
  languageName: node
  linkType: hard

"consola@npm:^2.15.3":
  version: 2.15.3
  resolution: "consola@npm:2.15.3"
  checksum: 8ef7a09b703ec67ac5c389a372a33b6dc97eda6c9876443a60d76a3076eea0259e7f67a4e54fd5a52f97df73690822d090cf8b7e102b5761348afef7c6d03e28
  languageName: node
  linkType: hard

"core-js@npm:^3.12.1":
  version: 3.24.0
  resolution: "core-js@npm:3.24.0"
  checksum: f1d1feef82bac7ecddd9e40e75b7126e7b5299a0d17aa046238bd8c78567d485b32c9c80b212704d9483ccc8b3f13b3ee35a5ec69fdca874377f654664068669
  languageName: node
  linkType: hard

"css-mediaquery@npm:^0.1.2":
  version: 0.1.2
  resolution: "css-mediaquery@npm:0.1.2"
  checksum: 8e26ae52d8aaaa71893f82fc485363ff0fab494b7d3b3464572aaed50714b8b538d33dbdaa69f0c02cf7f80d1f4d9a77519306c0492223ce91b3987475031a69
  languageName: node
  linkType: hard

"delayed-stream@npm:~1.0.0":
  version: 1.0.0
  resolution: "delayed-stream@npm:1.0.0"
  checksum: 46fe6e83e2cb1d85ba50bd52803c68be9bd953282fa7096f51fc29edd5d67ff84ff753c51966061e5ba7cb5e47ef6d36a91924eddb7f3f3483b1c560f77a0020
  languageName: node
  linkType: hard

"follow-redirects@npm:^1.14.9":
  version: 1.15.1
  resolution: "follow-redirects@npm:1.15.1"
  peerDependenciesMeta:
    debug:
      optional: true
  checksum: 6aa4e3e3cdfa3b9314801a1cd192ba756a53479d9d8cca65bf4db3a3e8834e62139245cd2f9566147c8dfe2efff1700d3e6aefd103de4004a7b99985e71dd533
  languageName: node
  linkType: hard

"form-data@npm:^4.0.0":
  version: 4.0.0
  resolution: "form-data@npm:4.0.0"
  dependencies:
    asynckit: ^0.4.0
    combined-stream: ^1.0.8
    mime-types: ^2.1.12
  checksum: 01135bf8675f9d5c61ff18e2e2932f719ca4de964e3be90ef4c36aacfc7b9cb2fceb5eca0b7e0190e3383fe51c5b37f4cb80b62ca06a99aaabfcfd6ac7c9328c
  languageName: node
  linkType: hard

"hackontrack@workspace:.":
  version: 0.0.0-use.local
  resolution: "hackontrack@workspace:."
  dependencies:
    "@json-editor/json-editor": ^2.8.0
    axios: ^0.27.2
    jest-pnp-resolver: ^1.2.2
    next: 12.2.3
    packito: ^0.5.0
    pnp-webpack-plugin: ^1.7.0
    react: 18.2.0
    react-dom: 18.2.0
    react-loadable: ^5.5.0
    react-responsive: ^9.0.0-beta.10
    ts-pnp: ^1.2.0
    webpackbar: ^5.0.2
  languageName: unknown
  linkType: soft

"has-flag@npm:^4.0.0":
  version: 4.0.0
  resolution: "has-flag@npm:4.0.0"
  checksum: 261a1357037ead75e338156b1f9452c016a37dcd3283a972a30d9e4a87441ba372c8b81f818cd0fbcd9c0354b4ae7e18b9e1afa1971164aef6d18c2b6095a8ad
  languageName: node
  linkType: hard

"hyphenate-style-name@npm:^1.0.0":
  version: 1.0.4
  resolution: "hyphenate-style-name@npm:1.0.4"
  checksum: 4f5bf4b055089754924babebaa23c17845937bcca6aee95d5d015f8fa1e6814279002bd6a9e541e3fac2cd02519fc76305396727066c57c8e21a7e73e7a12137
  languageName: node
  linkType: hard

"jest-pnp-resolver@npm:^1.2.2":
  version: 1.2.2
  resolution: "jest-pnp-resolver@npm:1.2.2"
  peerDependencies:
    jest-resolve: "*"
  peerDependenciesMeta:
    jest-resolve:
      optional: true
  checksum: bd85dcc0e76e0eb0c3d56382ec140f08d25ff4068cda9d0e360bb78fb176cb726d0beab82dc0e8694cafd09f55fee7622b8bcb240afa5fad301f4ed3eebb4f47
  languageName: node
  linkType: hard

"js-tokens@npm:^3.0.0 || ^4.0.0":
  version: 4.0.0
  resolution: "js-tokens@npm:4.0.0"
  checksum: 8a95213a5a77deb6cbe94d86340e8d9ace2b93bc367790b260101d2f36a2eaf4e4e22d9fa9cf459b38af3a32fb4190e638024cf82ec95ef708680e405ea7cc78
  languageName: node
  linkType: hard

"lodash@npm:^4.17.21":
  version: 4.17.21
  resolution: "lodash@npm:4.17.21"
  checksum: eb835a2e51d381e561e508ce932ea50a8e5a68f4ebdd771ea240d3048244a8d13658acbd502cd4829768c56f2e16bdd4340b9ea141297d472517b83868e677f7
  languageName: node
  linkType: hard

"loose-envify@npm:^1.1.0, loose-envify@npm:^1.4.0":
  version: 1.4.0
  resolution: "loose-envify@npm:1.4.0"
  dependencies:
    js-tokens: ^3.0.0 || ^4.0.0
  bin:
    loose-envify: cli.js
  checksum: 6517e24e0cad87ec9888f500c5b5947032cdfe6ef65e1c1936a0c48a524b81e65542c9c3edc91c97d5bddc806ee2a985dbc79be89215d613b1de5db6d1cfe6f4
  languageName: node
  linkType: hard

"matchmediaquery@npm:^0.3.0":
  version: 0.3.1
  resolution: "matchmediaquery@npm:0.3.1"
  dependencies:
    css-mediaquery: ^0.1.2
  checksum: 154e1650f79d78858424d7086093756ad2fdb1cd9ad19230b99a47c363a1da9c6692d6ca56ea49447fb516f580c59fd60d8b9a06247e088d8e1a658e6e5604d7
  languageName: node
  linkType: hard

"mime-db@npm:1.52.0":
  version: 1.52.0
  resolution: "mime-db@npm:1.52.0"
  checksum: 0d99a03585f8b39d68182803b12ac601d9c01abfa28ec56204fa330bc9f3d1c5e14beb049bafadb3dbdf646dfb94b87e24d4ec7b31b7279ef906a8ea9b6a513f
  languageName: node
  linkType: hard

"mime-types@npm:^2.1.12":
  version: 2.1.35
  resolution: "mime-types@npm:2.1.35"
  dependencies:
    mime-db: 1.52.0
  checksum: 89a5b7f1def9f3af5dad6496c5ed50191ae4331cc5389d7c521c8ad28d5fdad2d06fd81baf38fed813dc4e46bb55c8145bb0ff406330818c9cf712fb2e9b3836
  languageName: node
  linkType: hard

"minimist@npm:^1.2.0":
  version: 1.2.6
  resolution: "minimist@npm:1.2.6"
  checksum: d15428cd1e11eb14e1233bcfb88ae07ed7a147de251441d61158619dfb32c4d7e9061d09cab4825fdee18ecd6fce323228c8c47b5ba7cd20af378ca4048fb3fb
  languageName: node
  linkType: hard

"nanoid@npm:^3.3.4":
  version: 3.3.4
  resolution: "nanoid@npm:3.3.4"
  bin:
    nanoid: bin/nanoid.cjs
  checksum: 2fddd6dee994b7676f008d3ffa4ab16035a754f4bb586c61df5a22cf8c8c94017aadd360368f47d653829e0569a92b129979152ff97af23a558331e47e37cd9c
  languageName: node
  linkType: hard

"next@npm:12.2.3":
  version: 12.2.3
  resolution: "next@npm:12.2.3"
  dependencies:
    "@next/env": 12.2.3
    "@next/swc-android-arm-eabi": 12.2.3
    "@next/swc-android-arm64": 12.2.3
    "@next/swc-darwin-arm64": 12.2.3
    "@next/swc-darwin-x64": 12.2.3
    "@next/swc-freebsd-x64": 12.2.3
    "@next/swc-linux-arm-gnueabihf": 12.2.3
    "@next/swc-linux-arm64-gnu": 12.2.3
    "@next/swc-linux-arm64-musl": 12.2.3
    "@next/swc-linux-x64-gnu": 12.2.3
    "@next/swc-linux-x64-musl": 12.2.3
    "@next/swc-win32-arm64-msvc": 12.2.3
    "@next/swc-win32-ia32-msvc": 12.2.3
    "@next/swc-win32-x64-msvc": 12.2.3
    "@swc/helpers": 0.4.3
    caniuse-lite: ^1.0.30001332
    postcss: 8.4.14
    styled-jsx: 5.0.2
    use-sync-external-store: 1.2.0
  peerDependencies:
    fibers: ">= 3.1.0"
    node-sass: ^6.0.0 || ^7.0.0
    react: ^17.0.2 || ^18.0.0-0
    react-dom: ^17.0.2 || ^18.0.0-0
    sass: ^1.3.0
  dependenciesMeta:
    "@next/swc-android-arm-eabi":
      optional: true
    "@next/swc-android-arm64":
      optional: true
    "@next/swc-darwin-arm64":
      optional: true
    "@next/swc-darwin-x64":
      optional: true
    "@next/swc-freebsd-x64":
      optional: true
    "@next/swc-linux-arm-gnueabihf":
      optional: true
    "@next/swc-linux-arm64-gnu":
      optional: true
    "@next/swc-linux-arm64-musl":
      optional: true
    "@next/swc-linux-x64-gnu":
      optional: true
    "@next/swc-linux-x64-musl":
      optional: true
    "@next/swc-win32-arm64-msvc":
      optional: true
    "@next/swc-win32-ia32-msvc":
      optional: true
    "@next/swc-win32-x64-msvc":
      optional: true
  peerDependenciesMeta:
    fibers:
      optional: true
    node-sass:
      optional: true
    sass:
      optional: true
  bin:
    next: dist/bin/next
  checksum: b13b42fbb327adca51abeef68aca4b31c82297f07eb3a12d31a3bf2c1aa9ca34cf1ab41bc2b9f4d3162623e70a1ddf230da39fd3ce241b1eea113a4a010a11fd
  languageName: node
  linkType: hard

"node-emoji@npm:^1.10.0":
  version: 1.11.0
  resolution: "node-emoji@npm:1.11.0"
  dependencies:
    lodash: ^4.17.21
  checksum: e8c856c04a1645062112a72e59a98b203505ed5111ff84a3a5f40611afa229b578c7d50f1e6a7f17aa62baeea4a640d2e2f61f63afc05423aa267af10977fb2b
  languageName: node
  linkType: hard

"object-assign@npm:^4.1.1":
  version: 4.1.1
  resolution: "object-assign@npm:4.1.1"
  checksum: fcc6e4ea8c7fe48abfbb552578b1c53e0d194086e2e6bbbf59e0a536381a292f39943c6e9628af05b5528aa5e3318bb30d6b2e53cadaf5b8fe9e12c4b69af23f
  languageName: node
  linkType: hard

"packito@npm:^0.5.0":
  version: 0.5.0
  resolution: "packito@npm:0.5.0"
  dependencies:
    chalk: ^3.0.0
    minimist: ^1.2.0
    node-emoji: ^1.10.0
  bin:
    packito: bin/packito.js
  checksum: 286f359bbc53f103850d92e9ae92ee925b4c62b3e4dcd69670c5c1a07bff763b17fe6f32d28251ec5763c3c71494f202964ebfc1bdf82d6ed98e0262600754c2
  languageName: node
  linkType: hard

"picocolors@npm:^1.0.0":
  version: 1.0.0
  resolution: "picocolors@npm:1.0.0"
  checksum: a2e8092dd86c8396bdba9f2b5481032848525b3dc295ce9b57896f931e63fc16f79805144321f72976383fc249584672a75cc18d6777c6b757603f372f745981
  languageName: node
  linkType: hard

"pnp-webpack-plugin@npm:^1.7.0":
  version: 1.7.0
  resolution: "pnp-webpack-plugin@npm:1.7.0"
  dependencies:
    ts-pnp: ^1.1.6
  checksum: a41716d13607be5a3e06ba58b17e9e619cf07da3a0a7b10bd41cd89362873041054fd2b7966ad30a1b26b826cfb8fecc0469a95902d5b1b8ba8f591e2fe6b96d
  languageName: node
  linkType: hard

"postcss@npm:8.4.14":
  version: 8.4.14
  resolution: "postcss@npm:8.4.14"
  dependencies:
    nanoid: ^3.3.4
    picocolors: ^1.0.0
    source-map-js: ^1.0.2
  checksum: fe58766ff32e4becf65a7d57678995cfd239df6deed2fe0557f038b47c94e4132e7e5f68b5aa820c13adfec32e523b693efaeb65798efb995ce49ccd83953816
  languageName: node
  linkType: hard

"pretty-time@npm:^1.1.0":
  version: 1.1.0
  resolution: "pretty-time@npm:1.1.0"
  checksum: a319e7009aadbc6cfedbd8b66861327d3a0c68bd3e8794bf5b86f62b40b01b9479c5a70c76bb368ad454acce52a1216daee460cc825766e2442c04f3a84a02c9
  languageName: node
  linkType: hard

"prop-types@npm:^15.5.0, prop-types@npm:^15.6.1":
  version: 15.8.1
  resolution: "prop-types@npm:15.8.1"
  dependencies:
    loose-envify: ^1.4.0
    object-assign: ^4.1.1
    react-is: ^16.13.1
  checksum: c056d3f1c057cb7ff8344c645450e14f088a915d078dcda795041765047fa080d38e5d626560ccaac94a4e16e3aa15f3557c1a9a8d1174530955e992c675e459
  languageName: node
  linkType: hard

"react-dom@npm:18.2.0":
  version: 18.2.0
  resolution: "react-dom@npm:18.2.0"
  dependencies:
    loose-envify: ^1.1.0
    scheduler: ^0.23.0
  peerDependencies:
    react: ^18.2.0
  checksum: 7d323310bea3a91be2965f9468d552f201b1c27891e45ddc2d6b8f717680c95a75ae0bc1e3f5cf41472446a2589a75aed4483aee8169287909fcd59ad149e8cc
  languageName: node
  linkType: hard

"react-is@npm:^16.13.1":
  version: 16.13.1
  resolution: "react-is@npm:16.13.1"
  checksum: f7a19ac3496de32ca9ae12aa030f00f14a3d45374f1ceca0af707c831b2a6098ef0d6bdae51bd437b0a306d7f01d4677fcc8de7c0d331eb47ad0f46130e53c5f
  languageName: node
  linkType: hard

"react-loadable@npm:^5.5.0":
  version: 5.5.0
  resolution: "react-loadable@npm:5.5.0"
  dependencies:
    prop-types: ^15.5.0
  peerDependencies:
    react: "*"
  checksum: 72329cfd2f2c8b3d4666acf97c36e9d653a3620970d2702d22282b1eb4bcb3c709695d06489f2844da2d541e42e45bcf43fe89eeedb508680f071984cee0eddd
  languageName: node
  linkType: hard

"react-responsive@npm:^9.0.0-beta.10":
  version: 9.0.0-beta.10
  resolution: "react-responsive@npm:9.0.0-beta.10"
  dependencies:
    hyphenate-style-name: ^1.0.0
    matchmediaquery: ^0.3.0
    prop-types: ^15.6.1
    shallow-equal: ^1.2.1
  peerDependencies:
    react: ">=16.8.0"
  checksum: 3d0fd29caab85de7ba0192e36f54af580ee3e99d59774526702bb2f31a5da8a221cb2d6340e933eb90838f5e83020926196597cfe01f789855f625511794ba82
  languageName: node
  linkType: hard

"react@npm:18.2.0":
  version: 18.2.0
  resolution: "react@npm:18.2.0"
  dependencies:
    loose-envify: ^1.1.0
  checksum: 88e38092da8839b830cda6feef2e8505dec8ace60579e46aa5490fc3dc9bba0bd50336507dc166f43e3afc1c42939c09fe33b25fae889d6f402721dcd78fca1b
  languageName: node
  linkType: hard

"scheduler@npm:^0.23.0":
  version: 0.23.0
  resolution: "scheduler@npm:0.23.0"
  dependencies:
    loose-envify: ^1.1.0
  checksum: d79192eeaa12abef860c195ea45d37cbf2bbf5f66e3c4dcd16f54a7da53b17788a70d109ee3d3dde1a0fd50e6a8fc171f4300356c5aee4fc0171de526bf35f8a
  languageName: node
  linkType: hard

"shallow-equal@npm:^1.2.1":
  version: 1.2.1
  resolution: "shallow-equal@npm:1.2.1"
  checksum: 4f1645cc516e7754c4438db687e1da439a5f29a7dba2ba90c5f88e5708aeb17bc4355ba45cad805b0e95dc898e37d8bf6d77d854919c7512f89939986cff8cd1
  languageName: node
  linkType: hard

"source-map-js@npm:^1.0.2":
  version: 1.0.2
  resolution: "source-map-js@npm:1.0.2"
  checksum: c049a7fc4deb9a7e9b481ae3d424cc793cb4845daa690bc5a05d428bf41bf231ced49b4cf0c9e77f9d42fdb3d20d6187619fc586605f5eabe995a316da8d377c
  languageName: node
  linkType: hard

"std-env@npm:^3.0.1":
  version: 3.1.1
  resolution: "std-env@npm:3.1.1"
  checksum: 7c8b34e9b81ec0da3c63c96414dafd5c4ef6cfb5914f2cf8727314f9f3532eb0325cfbbfe5a04a43c2aa6ab5960571581a89db2c4f26e73a5c954eb1fe5aa68b
  languageName: node
  linkType: hard

"styled-jsx@npm:5.0.2":
  version: 5.0.2
  resolution: "styled-jsx@npm:5.0.2"
  peerDependencies:
    react: ">= 16.8.0 || 17.x.x || ^18.0.0-0"
  peerDependenciesMeta:
    "@babel/core":
      optional: true
    babel-plugin-macros:
      optional: true
  checksum: 86d55819ebeabd283a574d2f44f7d3f8fa6b8c28fa41687ece161bf1e910e04965611618921d8f5cd33dc6dae1033b926a70421ae5ea045440a9861edc3e0d87
  languageName: node
  linkType: hard

"supports-color@npm:^7.1.0":
  version: 7.2.0
  resolution: "supports-color@npm:7.2.0"
  dependencies:
    has-flag: ^4.0.0
  checksum: 3dda818de06ebbe5b9653e07842d9479f3555ebc77e9a0280caf5a14fb877ffee9ed57007c3b78f5a6324b8dbeec648d9e97a24e2ed9fdb81ddc69ea07100f4a
  languageName: node
  linkType: hard

"ts-pnp@npm:^1.1.6, ts-pnp@npm:^1.2.0":
  version: 1.2.0
  resolution: "ts-pnp@npm:1.2.0"
  peerDependenciesMeta:
    typescript:
      optional: true
  checksum: c2a698b85d521298fe6f2435fbf2d3dc5834b423ea25abd321805ead3f399dbeedce7ca09492d7eb005b9d2c009c6b9587055bc3ab273dc6b9e40eefd7edb5b2
  languageName: node
  linkType: hard

"tslib@npm:^2.4.0":
  version: 2.4.0
  resolution: "tslib@npm:2.4.0"
  checksum: 8c4aa6a3c5a754bf76aefc38026134180c053b7bd2f81338cb5e5ebf96fefa0f417bff221592bf801077f5bf990562f6264fecbc42cd3309b33872cb6fc3b113
  languageName: node
  linkType: hard

"use-sync-external-store@npm:1.2.0":
  version: 1.2.0
  resolution: "use-sync-external-store@npm:1.2.0"
  peerDependencies:
    react: ^16.8.0 || ^17.0.0 || ^18.0.0
  checksum: 5c639e0f8da3521d605f59ce5be9e094ca772bd44a4ce7322b055a6f58eeed8dda3c94cabd90c7a41fb6fa852210092008afe48f7038792fd47501f33299116a
  languageName: node
  linkType: hard

"webpackbar@npm:^5.0.2":
  version: 5.0.2
  resolution: "webpackbar@npm:5.0.2"
  dependencies:
    chalk: ^4.1.0
    consola: ^2.15.3
    pretty-time: ^1.1.0
    std-env: ^3.0.1
  peerDependencies:
    webpack: 3 || 4 || 5
  checksum: 214a734b1d4d391eb8271ed1b11085f0efe6831e93f641229b292abfd6fea871422dce121612511c17ae8047522be6d65c1a2666cabb396c79549816a3612338
  languageName: node
  linkType: hard
